
Microsoft Visual Studio Solution File, Format Version 12.00
# Visual Studio Version 17
VisualStudioVersion = 17.4.33213.308
MinimumVisualStudioVersion = 10.0.40219.1
Project("{FAE04EC0-301F-11D3-BF4B-00C04F79EFBC}") = "Poke", "Poke\Poke.csproj", "{47CECCD3-985E-4900-99F5-3B5DEF1E38EB}"
EndProject
Global
	GlobalSection(SolutionConfigurationPlatforms) = preSolution
		Debug|Any CPU = Debug|Any CPU
		Release|Any CPU = Release|Any CPU
	EndGlobalSection
	GlobalSection(ProjectConfigurationPlatforms) = postSolution
		{47CECCD3-985E-4900-99F5-3B5DEF1E38EB}.Debug|Any CPU.ActiveCfg = Debug|Any CPU
		{47CECCD3-985E-4900-99F5-3B5DEF1E38EB}.Debug|Any CPU.Build.0 = Debug|Any CPU
		{47CECCD3-985E-4900-99F5-3B5DEF1E38EB}.Release|Any CPU.ActiveCfg = Release|Any CPU
		{47CECCD3-985E-4900-99F5-3B5DEF1E38EB}.Release|Any CPU.Build.0 = Release|Any CPU
	EndGlobalSection
	GlobalSection(SolutionProperties) = preSolution
		HideSolutionNode = FALSE
	EndGlobalSection
	GlobalSection(ExtensibilityGlobals) = postSolution
		SolutionGuid = {DA8873CE-0DA4-4B9D-83D0-416DC48030CF}
	EndGlobalSection
EndGlobal
